
Microsoft Visual Studio Solution File, Format Version 12.00
# Visual Studio Version 17
VisualStudioVersion = 17.13.35806.99 d17.13
MinimumVisualStudioVersion = 10.0.40219.1
Project("{FAE04EC0-301F-11D3-BF4B-00C04F79EFBC}") = "ConsoleApp7", "ConsoleApp7.csproj", "{B43DE44A-509C-46CE-B82F-777B4D599835}"
EndProject
Global
	GlobalSection(SolutionConfigurationPlatforms) = preSolution
		Debug|Any CPU = Debug|Any CPU
		Release|Any CPU = Release|Any CPU
	EndGlobalSection
	GlobalSection(ProjectConfigurationPlatforms) = postSolution
		{B43DE44A-509C-46CE-B82F-777B4D599835}.Debug|Any CPU.ActiveCfg = Debug|Any CPU
		{B43DE44A-509C-46CE-B82F-777B4D599835}.Debug|Any CPU.Build.0 = Debug|Any CPU
		{B43DE44A-509C-46CE-B82F-777B4D599835}.Release|Any CPU.ActiveCfg = Release|Any CPU
		{B43DE44A-509C-46CE-B82F-777B4D599835}.Release|Any CPU.Build.0 = Release|Any CPU
	EndGlobalSection
	GlobalSection(SolutionProperties) = preSolution
		HideSolutionNode = FALSE
	EndGlobalSection
	GlobalSection(ExtensibilityGlobals) = postSolution
		SolutionGuid = {303AD9D1-4A94-4CEF-BF3F-3BCA7B57C3D2}
	EndGlobalSection
EndGlobal
