
Microsoft Visual Studio Solution File, Format Version 12.00
# Visual Studio Version 17
VisualStudioVersion = 17.13.35806.99 d17.13
MinimumVisualStudioVersion = 10.0.40219.1
Project("{FAE04EC0-301F-11D3-BF4B-00C04F79EFBC}") = "ConsoleApp6", "ConsoleApp6.csproj", "{732E5D99-657D-48C5-87E8-C71F4FC95546}"
EndProject
Global
	GlobalSection(SolutionConfigurationPlatforms) = preSolution
		Debug|Any CPU = Debug|Any CPU
		Release|Any CPU = Release|Any CPU
	EndGlobalSection
	GlobalSection(ProjectConfigurationPlatforms) = postSolution
		{732E5D99-657D-48C5-87E8-C71F4FC95546}.Debug|Any CPU.ActiveCfg = Debug|Any CPU
		{732E5D99-657D-48C5-87E8-C71F4FC95546}.Debug|Any CPU.Build.0 = Debug|Any CPU
		{732E5D99-657D-48C5-87E8-C71F4FC95546}.Release|Any CPU.ActiveCfg = Release|Any CPU
		{732E5D99-657D-48C5-87E8-C71F4FC95546}.Release|Any CPU.Build.0 = Release|Any CPU
	EndGlobalSection
	GlobalSection(SolutionProperties) = preSolution
		HideSolutionNode = FALSE
	EndGlobalSection
	GlobalSection(ExtensibilityGlobals) = postSolution
		SolutionGuid = {3A4BF5BC-F293-4E97-A596-9C8CA6EA6A94}
	EndGlobalSection
EndGlobal
